
Microsoft Visual Studio Solution File, Format Version 12.00
# Visual Studio Version 17
VisualStudioVersion = 17.9.34728.123
MinimumVisualStudioVersion = 10.0.40219.1
Project("{9A19103F-16F7-4668-BE54-9A1E7A4F7556}") = "Sample", "Sample\Sample.csproj", "{66571F7C-5C8E-46B8-B4F9-DEF93ECDFF45}"
EndProject
Project("{9A19103F-16F7-4668-BE54-9A1E7A4F7556}") = "VirtualList.Maui", "VirtualList.Maui\VirtualList.Maui.csproj", "{29DB60CD-2921-4D06-9527-416C38F68E07}"
EndProject
Project("{2150E333-8FDC-42A3-9474-1A3956D46DE8}") = "Lib", "Lib", "{3AC89928-7650-42C5-A7F9-02B7A77AA572}"
EndProject
Global
	GlobalSection(SolutionConfigurationPlatforms) = preSolution
		Debug|Any CPU = Debug|Any CPU
		Release|Any CPU = Release|Any CPU
	EndGlobalSection
	GlobalSection(ProjectConfigurationPlatforms) = postSolution
		{66571F7C-5C8E-46B8-B4F9-DEF93ECDFF45}.Debug|Any CPU.ActiveCfg = Debug|Any CPU
		{66571F7C-5C8E-46B8-B4F9-DEF93ECDFF45}.Debug|Any CPU.Build.0 = Debug|Any CPU
		{66571F7C-5C8E-46B8-B4F9-DEF93ECDFF45}.Debug|Any CPU.Deploy.0 = Debug|Any CPU
		{66571F7C-5C8E-46B8-B4F9-DEF93ECDFF45}.Release|Any CPU.ActiveCfg = Release|Any CPU
		{66571F7C-5C8E-46B8-B4F9-DEF93ECDFF45}.Release|Any CPU.Build.0 = Release|Any CPU
		{66571F7C-5C8E-46B8-B4F9-DEF93ECDFF45}.Release|Any CPU.Deploy.0 = Release|Any CPU
		{29DB60CD-2921-4D06-9527-416C38F68E07}.Debug|Any CPU.ActiveCfg = Debug|Any CPU
		{29DB60CD-2921-4D06-9527-416C38F68E07}.Debug|Any CPU.Build.0 = Debug|Any CPU
		{29DB60CD-2921-4D06-9527-416C38F68E07}.Release|Any CPU.ActiveCfg = Release|Any CPU
		{29DB60CD-2921-4D06-9527-416C38F68E07}.Release|Any CPU.Build.0 = Release|Any CPU
	EndGlobalSection
	GlobalSection(SolutionProperties) = preSolution
		HideSolutionNode = FALSE
	EndGlobalSection
	GlobalSection(NestedProjects) = preSolution
		{29DB60CD-2921-4D06-9527-416C38F68E07} = {3AC89928-7650-42C5-A7F9-02B7A77AA572}
	EndGlobalSection
	GlobalSection(ExtensibilityGlobals) = postSolution
		SolutionGuid = {E73AD25D-61A1-4B7B-9AFD-807CD3B38226}
	EndGlobalSection
EndGlobal
